// !$*UTF8*$!
{
	archiveVersion = 1;
	classes = {
	};
	objectVersion = 54;
	objects = {

/* Begin PBXBuildFile section */
		0E2B58ED7B2533909F63FBE6 /* PhoneHTTP.swift in Sources */ = {isa = PBXBuildFile; fileRef = 5DD7680AD032FE36F1E524D2 /* PhoneHTTP.swift */; };
		77BD9F2AF4BC960B96CDB08D /* AutoBackup.swift in Sources */ = {isa = PBXBuildFile; fileRef = 7B9A167147E247A370478EEF /* AutoBackup.swift */; };
		914C724C497F730728F42987 /* NativeBridge.swift in Sources */ = {isa = PBXBuildFile; fileRef = 6026D9F5F5413DE531668B76 /* NativeBridge.swift */; };
		960547D1016AF454A26C46FF /* BarcodeScanner.swift in Sources */ = {isa = PBXBuildFile; fileRef = A90AB1F5913DC452D2828014 /* BarcodeScanner.swift */; };
		AA4378F66CB933B84159A498 /* Assets.xcassets in Resources */ = {isa = PBXBuildFile; fileRef = 91EE6891C1C512648E07AAED /* Assets.xcassets */; };
		AA8E4D99C0162BFE821970C6 /* AppDelegate.swift in Sources */ = {isa = PBXBuildFile; fileRef = C9B8656CC080618853C61D62 /* AppDelegate.swift */; };
		C613A51FF16963DA048A16A3 /* WebViewController.swift in Sources */ = {isa = PBXBuildFile; fileRef = 6D408670C5A24D5C48835014 /* WebViewController.swift */; };
		E9CC9F110DF42B850B8FF5F8 /* Notifications.swift in Sources */ = {isa = PBXBuildFile; fileRef = 98A39EA8295F55AAA76CD664 /* Notifications.swift */; };
/* End PBXBuildFile section */

/* Begin PBXFileReference section */
		1E5BFE2630759204533BD62B /* Info.plist */ = {isa = PBXFileReference; lastKnownFileType = text.plist; path = Info.plist; sourceTree = "<group>"; };
		4CE561C7BD93A06D47D6DAC6 /* Goodstock.app */ = {isa = PBXFileReference; includeInIndex = 0; lastKnownFileType = wrapper.application; path = Goodstock.app; sourceTree = BUILT_PRODUCTS_DIR; };
		5DD7680AD032FE36F1E524D2 /* PhoneHTTP.swift */ = {isa = PBXFileReference; lastKnownFileType = sourcecode.swift; path = PhoneHTTP.swift; sourceTree = "<group>"; };
		6026D9F5F5413DE531668B76 /* NativeBridge.swift */ = {isa = PBXFileReference; lastKnownFileType = sourcecode.swift; path = NativeBridge.swift; sourceTree = "<group>"; };
		6D408670C5A24D5C48835014 /* WebViewController.swift */ = {isa = PBXFileReference; lastKnownFileType = sourcecode.swift; path = WebViewController.swift; sourceTree = "<group>"; };
		7B9A167147E247A370478EEF /* AutoBackup.swift */ = {isa = PBXFileReference; lastKnownFileType = sourcecode.swift; path = AutoBackup.swift; sourceTree = "<group>"; };
		91EE6891C1C512648E07AAED /* Assets.xcassets */ = {isa = PBXFileReference; lastKnownFileType = folder.assetcatalog; path = Assets.xcassets; sourceTree = "<group>"; };
		98A39EA8295F55AAA76CD664 /* Notifications.swift */ = {isa = PBXFileReference; lastKnownFileType = sourcecode.swift; path = Notifications.swift; sourceTree = "<group>"; };
		A90AB1F5913DC452D2828014 /* BarcodeScanner.swift */ = {isa = PBXFileReference; lastKnownFileType = sourcecode.swift; path = BarcodeScanner.swift; sourceTree = "<group>"; };
		C9B8656CC080618853C61D62 /* AppDelegate.swift */ = {isa = PBXFileReference; lastKnownFileType = sourcecode.swift; path = AppDelegate.swift; sourceTree = "<group>"; };
/* End PBXFileReference section */

/* Begin PBXGroup section */
		5A97AE69D8C57DBAC56E2D8A /* Goodstock */ = {
			isa = PBXGroup;
			children = (
				C9B8656CC080618853C61D62 /* AppDelegate.swift */,
				91EE6891C1C512648E07AAED /* Assets.xcassets */,
				7B9A167147E247A370478EEF /* AutoBackup.swift */,
				A90AB1F5913DC452D2828014 /* BarcodeScanner.swift */,
				1E5BFE2630759204533BD62B /* Info.plist */,
				6026D9F5F5413DE531668B76 /* NativeBridge.swift */,
				98A39EA8295F55AAA76CD664 /* Notifications.swift */,
				5DD7680AD032FE36F1E524D2 /* PhoneHTTP.swift */,
				6D408670C5A24D5C48835014 /* WebViewController.swift */,
			);
			path = Goodstock;
			sourceTree = "<group>";
		};
		8BF6EBDE4CBF855DF748C014 /* Products */ = {
			isa = PBXGroup;
			children = (
				4CE561C7BD93A06D47D6DAC6 /* Goodstock.app */,
			);
			name = Products;
			sourceTree = "<group>";
		};
		B6BD3AB4D1723CFBF92E1DDC = {
			isa = PBXGroup;
			children = (
				5A97AE69D8C57DBAC56E2D8A /* Goodstock */,
				8BF6EBDE4CBF855DF748C014 /* Products */,
			);
			sourceTree = "<group>";
		};
/* End PBXGroup section */

/* Begin PBXNativeTarget section */
		A787F4799409FC7FB023E1E3 /* Goodstock */ = {
			isa = PBXNativeTarget;
			buildConfigurationList = A08F216EB892E9496ED0FE09 /* Build configuration list for PBXNativeTarget "Goodstock" */;
			buildPhases = (
				CE4BD91BF18138A2B384E6DD /* Sources */,
				4F9F6CB0161BF3906B1F3DCC /* Resources */,
				F10977D31E5A460BB669A5C5 /* Copy web app */,
			);
			buildRules = (
			);
			dependencies = (
			);
			name = Goodstock;
			productName = Goodstock;
			productReference = 4CE561C7BD93A06D47D6DAC6 /* Goodstock.app */;
			productType = "com.apple.product-type.application";
		};
/* End PBXNativeTarget section */

/* Begin PBXProject section */
		40431D1F60A829B62F2112F3 /* Project object */ = {
			isa = PBXProject;
			attributes = {
				BuildIndependentTargetsInParallel = YES;
				LastUpgradeCheck = 1430;
				TargetAttributes = {
					A787F4799409FC7FB023E1E3 = {
						DevelopmentTeam = "";
						ProvisioningStyle = Automatic;
					};
				};
			};
			buildConfigurationList = BB15C6A87CB1E6DDDEEB3525 /* Build configuration list for PBXProject "Goodstock" */;
			compatibilityVersion = "Xcode 14.0";
			developmentRegion = en;
			hasScannedForEncodings = 0;
			knownRegions = (
				Base,
				en,
			);
			mainGroup = B6BD3AB4D1723CFBF92E1DDC;
			projectDirPath = "";
			projectRoot = "";
			targets = (
				A787F4799409FC7FB023E1E3 /* Goodstock */,
			);
		};
/* End PBXProject section */

/* Begin PBXResourcesBuildPhase section */
		4F9F6CB0161BF3906B1F3DCC /* Resources */ = {
			isa = PBXResourcesBuildPhase;
			buildActionMask = 2147483647;
			files = (
				AA4378F66CB933B84159A498 /* Assets.xcassets in Resources */,
			);
			runOnlyForDeploymentPostprocessing = 0;
		};
/* End PBXResourcesBuildPhase section */

/* Begin PBXShellScriptBuildPhase section */
		F10977D31E5A460BB669A5C5 /* Copy web app */ = {
			isa = PBXShellScriptBuildPhase;
			alwaysOutOfDate = 1;
			buildActionMask = 2147483647;
			files = (
			);
			inputFileListPaths = (
			);
			inputPaths = (
				"$(TARGET_BUILD_DIR)/$(INFOPLIST_PATH)",
			);
			name = "Copy web app";
			outputFileListPaths = (
			);
			outputPaths = (
			);
			runOnlyForDeploymentPostprocessing = 0;
			shellPath = /bin/sh;
			shellScript = "bash \"${SRCROOT}/scripts/copy-web.sh\"";
		};
/* End PBXShellScriptBuildPhase section */

/* Begin PBXSourcesBuildPhase section */
		CE4BD91BF18138A2B384E6DD /* Sources */ = {
			isa = PBXSourcesBuildPhase;
			buildActionMask = 2147483647;
			files = (
				AA8E4D99C0162BFE821970C6 /* AppDelegate.swift in Sources */,
				77BD9F2AF4BC960B96CDB08D /* AutoBackup.swift in Sources */,
				960547D1016AF454A26C46FF /* BarcodeScanner.swift in Sources */,
				914C724C497F730728F42987 /* NativeBridge.swift in Sources */,
				E9CC9F110DF42B850B8FF5F8 /* Notifications.swift in Sources */,
				0E2B58ED7B2533909F63FBE6 /* PhoneHTTP.swift in Sources */,
				C613A51FF16963DA048A16A3 /* WebViewController.swift in Sources */,
			);
			runOnlyForDeploymentPostprocessing = 0;
		};
/* End PBXSourcesBuildPhase section */

/* Begin XCBuildConfiguration section */
		759FEA0EAF14AB181B5EA343 /* Release */ = {
			isa = XCBuildConfiguration;
			buildSettings = {
				ALWAYS_SEARCH_USER_PATHS = NO;
				CLANG_ANALYZER_NONNULL = YES;
				CLANG_ANALYZER_NUMBER_OBJECT_CONVERSION = YES_AGGRESSIVE;
				CLANG_CXX_LANGUAGE_STANDARD = "gnu++14";
				CLANG_CXX_LIBRARY = "libc++";
				CLANG_ENABLE_MODULES = YES;
				CLANG_ENABLE_OBJC_ARC = YES;
				CLANG_ENABLE_OBJC_WEAK = YES;
				CLANG_WARN_BLOCK_CAPTURE_AUTORELEASING = YES;
				CLANG_WARN_BOOL_CONVERSION = YES;
				CLANG_WARN_COMMA = YES;
				CLANG_WARN_CONSTANT_CONVERSION = YES;
				CLANG_WARN_DEPRECATED_OBJC_IMPLEMENTATIONS = YES;
				CLANG_WARN_DIRECT_OBJC_ISA_USAGE = YES_ERROR;
				CLANG_WARN_DOCUMENTATION_COMMENTS = YES;
				CLANG_WARN_EMPTY_BODY = YES;
				CLANG_WARN_ENUM_CONVERSION = YES;
				CLANG_WARN_INFINITE_RECURSION = YES;
				CLANG_WARN_INT_CONVERSION = YES;
				CLANG_WARN_NON_LITERAL_NULL_CONVERSION = YES;
				CLANG_WARN_OBJC_IMPLICIT_RETAIN_SELF = YES;
				CLANG_WARN_OBJC_LITERAL_CONVERSION = YES;
				CLANG_WARN_OBJC_ROOT_CLASS = YES_ERROR;
				CLANG_WARN_QUOTED_INCLUDE_IN_FRAMEWORK_HEADER = YES;
				CLANG_WARN_RANGE_LOOP_ANALYSIS = YES;
				CLANG_WARN_STRICT_PROTOTYPES = YES;
				CLANG_WARN_SUSPICIOUS_MOVE = YES;
				CLANG_WARN_UNGUARDED_AVAILABILITY = YES_AGGRESSIVE;
				CLANG_WARN_UNREACHABLE_CODE = YES;
				CLANG_WARN__DUPLICATE_METHOD_MATCH = YES;
				COPY_PHASE_STRIP = NO;
				DEBUG_INFORMATION_FORMAT = "dwarf-with-dsym";
				ENABLE_NS_ASSERTIONS = NO;
				ENABLE_STRICT_OBJC_MSGSEND = YES;
				ENABLE_USER_SCRIPT_SANDBOXING = NO;
				GCC_C_LANGUAGE_STANDARD = gnu11;
				GCC_NO_COMMON_BLOCKS = YES;
				GCC_WARN_64_TO_32_BIT_CONVERSION = YES;
				GCC_WARN_ABOUT_RETURN_TYPE = YES_ERROR;
				GCC_WARN_UNDECLARED_SELECTOR = YES;
				GCC_WARN_UNINITIALIZED_AUTOS = YES_AGGRESSIVE;
				GCC_WARN_UNUSED_FUNCTION = YES;
				GCC_WARN_UNUSED_VARIABLE = YES;
				IPHONEOS_DEPLOYMENT_TARGET = 16.4;
				MTL_ENABLE_DEBUG_INFO = NO;
				MTL_FAST_MATH = YES;
				PRODUCT_NAME = "$(TARGET_NAME)";
				SDKROOT = iphoneos;
				SWIFT_COMPILATION_MODE = wholemodule;
				SWIFT_OPTIMIZATION_LEVEL = "-O";
				SWIFT_VERSION = 5.0;
			};
			name = Release;
		};
		77E55FBE08E37ED526DC493F /* Debug */ = {
			isa = XCBuildConfiguration;
			buildSettings = {
				ALWAYS_SEARCH_USER_PATHS = NO;
				CLANG_ANALYZER_NONNULL = YES;
				CLANG_ANALYZER_NUMBER_OBJECT_CONVERSION = YES_AGGRESSIVE;
				CLANG_CXX_LANGUAGE_STANDARD = "gnu++14";
				CLANG_CXX_LIBRARY = "libc++";
				CLANG_ENABLE_MODULES = YES;
				CLANG_ENABLE_OBJC_ARC = YES;
				CLANG_ENABLE_OBJC_WEAK = YES;
				CLANG_WARN_BLOCK_CAPTURE_AUTORELEASING = YES;
				CLANG_WARN_BOOL_CONVERSION = YES;
				CLANG_WARN_COMMA = YES;
				CLANG_WARN_CONSTANT_CONVERSION = YES;
				CLANG_WARN_DEPRECATED_OBJC_IMPLEMENTATIONS = YES;
				CLANG_WARN_DIRECT_OBJC_ISA_USAGE = YES_ERROR;
				CLANG_WARN_DOCUMENTATION_COMMENTS = YES;
				CLANG_WARN_EMPTY_BODY = YES;
				CLANG_WARN_ENUM_CONVERSION = YES;
				CLANG_WARN_INFINITE_RECURSION = YES;
				CLANG_WARN_INT_CONVERSION = YES;
				CLANG_WARN_NON_LITERAL_NULL_CONVERSION = YES;
				CLANG_WARN_OBJC_IMPLICIT_RETAIN_SELF = YES;
				CLANG_WARN_OBJC_LITERAL_CONVERSION = YES;
				CLANG_WARN_OBJC_ROOT_CLASS = YES_ERROR;
				CLANG_WARN_QUOTED_INCLUDE_IN_FRAMEWORK_HEADER = YES;
				CLANG_WARN_RANGE_LOOP_ANALYSIS = YES;
				CLANG_WARN_STRICT_PROTOTYPES = YES;
				CLANG_WARN_SUSPICIOUS_MOVE = YES;
				CLANG_WARN_UNGUARDED_AVAILABILITY = YES_AGGRESSIVE;
				CLANG_WARN_UNREACHABLE_CODE = YES;
				CLANG_WARN__DUPLICATE_METHOD_MATCH = YES;
				COPY_PHASE_STRIP = NO;
				DEBUG_INFORMATION_FORMAT = dwarf;
				ENABLE_STRICT_OBJC_MSGSEND = YES;
				ENABLE_TESTABILITY = YES;
				ENABLE_USER_SCRIPT_SANDBOXING = NO;
				GCC_C_LANGUAGE_STANDARD = gnu11;
				GCC_DYNAMIC_NO_PIC = NO;
				GCC_NO_COMMON_BLOCKS = YES;
				GCC_OPTIMIZATION_LEVEL = 0;
				GCC_PREPROCESSOR_DEFINITIONS = (
					"$(inherited)",
					"DEBUG=1",
				);
				GCC_WARN_64_TO_32_BIT_CONVERSION = YES;
				GCC_WARN_ABOUT_RETURN_TYPE = YES_ERROR;
				GCC_WARN_UNDECLARED_SELECTOR = YES;
				GCC_WARN_UNINITIALIZED_AUTOS = YES_AGGRESSIVE;
				GCC_WARN_UNUSED_FUNCTION = YES;
				GCC_WARN_UNUSED_VARIABLE = YES;
				IPHONEOS_DEPLOYMENT_TARGET = 16.4;
				MTL_ENABLE_DEBUG_INFO = INCLUDE_SOURCE;
				MTL_FAST_MATH = YES;
				ONLY_ACTIVE_ARCH = YES;
				PRODUCT_NAME = "$(TARGET_NAME)";
				SDKROOT = iphoneos;
				SWIFT_ACTIVE_COMPILATION_CONDITIONS = DEBUG;
				SWIFT_OPTIMIZATION_LEVEL = "-Onone";
				SWIFT_VERSION = 5.0;
			};
			name = Debug;
		};
		D1119D0DA9D8079BC4D3F4A1 /* Debug */ = {
			isa = XCBuildConfiguration;
			buildSettings = {
				ASSETCATALOG_COMPILER_APPICON_NAME = AppIcon;
				CODE_SIGN_IDENTITY = "iPhone Developer";
				CODE_SIGN_STYLE = Automatic;
				DEVELOPMENT_TEAM = "";
				GENERATE_INFOPLIST_FILE = NO;
				INFOPLIST_FILE = Goodstock/Info.plist;
				LD_RUNPATH_SEARCH_PATHS = (
					"$(inherited)",
					"@executable_path/Frameworks",
				);
				PRODUCT_BUNDLE_IDENTIFIER = com.donefear.goodstock;
				PRODUCT_NAME = Goodstock;
				SDKROOT = iphoneos;
				TARGETED_DEVICE_FAMILY = "1,2";
			};
			name = Debug;
		};
		F6B2880FDC83627CF081846B /* Release */ = {
			isa = XCBuildConfiguration;
			buildSettings = {
				ASSETCATALOG_COMPILER_APPICON_NAME = AppIcon;
				CODE_SIGN_IDENTITY = "iPhone Developer";
				CODE_SIGN_STYLE = Automatic;
				DEVELOPMENT_TEAM = "";
				GENERATE_INFOPLIST_FILE = NO;
				INFOPLIST_FILE = Goodstock/Info.plist;
				LD_RUNPATH_SEARCH_PATHS = (
					"$(inherited)",
					"@executable_path/Frameworks",
				);
				PRODUCT_BUNDLE_IDENTIFIER = com.donefear.goodstock;
				PRODUCT_NAME = Goodstock;
				SDKROOT = iphoneos;
				TARGETED_DEVICE_FAMILY = "1,2";
			};
			name = Release;
		};
/* End XCBuildConfiguration section */

/* Begin XCConfigurationList section */
		A08F216EB892E9496ED0FE09 /* Build configuration list for PBXNativeTarget "Goodstock" */ = {
			isa = XCConfigurationList;
			buildConfigurations = (
				D1119D0DA9D8079BC4D3F4A1 /* Debug */,
				F6B2880FDC83627CF081846B /* Release */,
			);
			defaultConfigurationIsVisible = 0;
			defaultConfigurationName = Debug;
		};
		BB15C6A87CB1E6DDDEEB3525 /* Build configuration list for PBXProject "Goodstock" */ = {
			isa = XCConfigurationList;
			buildConfigurations = (
				77E55FBE08E37ED526DC493F /* Debug */,
				759FEA0EAF14AB181B5EA343 /* Release */,
			);
			defaultConfigurationIsVisible = 0;
			defaultConfigurationName = Debug;
		};
/* End XCConfigurationList section */
	};
	rootObject = 40431D1F60A829B62F2112F3 /* Project object */;
}
